<?xml version="1.0" encoding="utf-8"?>
<Project ToolsVersion="4.0" xmlns="http://schemas.microsoft.com/developer/msbuild/2003">
  <ItemGroup>
    <Filter Include="Source Files">
      <UniqueIdentifier>{4FC737F1-C7A5-4376-A066-2A32D752A2FF}</UniqueIdentifier>
      <Extensions>cpp;c;cc;cxx;def;odl;idl;hpj;bat;asm;asmx</Extensions>
    </Filter>
    <Filter Include="Header Files">
      <UniqueIdentifier>{93995380-89BD-4b04-88EB-625FBE52EBFB}</UniqueIdentifier>
      <Extensions>h;hh;hpp;hxx;hm;inl;inc;xsd</Extensions>
    </Filter>
    <Filter Include="Resource Files">
      <UniqueIdentifier>{67DA6AB6-F800-4c08-8B7A-83BB121AAD01}</UniqueIdentifier>
      <Extensions>rc;ico;cur;bmp;dlg;rc2;rct;bin;rgs;gif;jpg;jpeg;jpe;resx;tiff;tif;png;wav;mfcribbon-ms</Extensions>
    </Filter>
    <Filter Include="Source Files\Utilities">
      <UniqueIdentifier>{8378b806-fbc6-4f11-948d-6f8a73c1900a}</UniqueIdentifier>
    </Filter>
    <Filter Include="Source Files\Utilities\glad">
      <UniqueIdentifier>{4702deb9-6695-4323-88b4-f8ede9a223c9}</UniqueIdentifier>
    </Filter>
    <Filter Include="Header Files\Shader">
      <UniqueIdentifier>{52c77711-e2b5-4245-9d09-1cc51dd0c3f3}</UniqueIdentifier>
    </Filter>
    <Filter Include="Source Files\Shader">
      <UniqueIdentifier>{a79a1047-4658-449e-9c76-e042c27e3f10}</UniqueIdentifier>
    </Filter>
    <Filter Include="Source Files\Utilities\stbImageLoader">
      <UniqueIdentifier>{93a6c178-d137-4da9-81f0-970bcb1e7e7e}</UniqueIdentifier>
    </Filter>
    <Filter Include="Header Files\Utilities">
      <UniqueIdentifier>{fa0e2903-450a-4502-b899-978a81f9f2b4}</UniqueIdentifier>
    </Filter>
    <Filter Include="Header Files\Utilities\stbImageLoader">
      <UniqueIdentifier>{5c6fae3a-cd42-4db8-b143-7348ebe6c486}</UniqueIdentifier>
    </Filter>
    <Filter Include="Data">
      <UniqueIdentifier>{9ebdec57-0519-4712-a6c2-20d1b1265546}</UniqueIdentifier>
    </Filter>
    <Filter Include="Data\Shaders">
      <UniqueIdentifier>{28864d7d-6dd3-44cc-a245-d89834fceeb9}</UniqueIdentifier>
    </Filter>
    <Filter Include="Data\Textures">
      <UniqueIdentifier>{b614c5ee-700a-43dc-9684-4e4d52205aff}</UniqueIdentifier>
    </Filter>
    <Filter Include="Header Files\Model">
      <UniqueIdentifier>{0a26a096-46a9-4931-b989-eb5df5da0156}</UniqueIdentifier>
    </Filter>
    <Filter Include="Source Files\Model">
      <UniqueIdentifier>{6302c275-8a90-485b-bbb8-8562866605ec}</UniqueIdentifier>
    </Filter>
  </ItemGroup>
  <ItemGroup>
    <ClCompile Include="src\Utilities\glad\glad.c">
      <Filter>Source Files\Utilities\glad</Filter>
    </ClCompile>
    <ClCompile Include="src\main.cpp">
      <Filter>Source Files</Filter>
    </ClCompile>
    <ClCompile Include="src\Shader\ShadersLoader.cpp">
      <Filter>Source Files\Shader</Filter>
    </ClCompile>
    <ClCompile Include="src\Utilities\stbImageLoader\stbImageLoaderImpl.cpp">
      <Filter>Source Files\Utilities\stbImageLoader</Filter>
    </ClCompile>
    <ClCompile Include="src\Camera.cpp">
      <Filter>Source Files</Filter>
    </ClCompile>
    <ClCompile Include="src\Model\Mesh.cpp">
      <Filter>Source Files\Model</Filter>
    </ClCompile>
    <ClCompile Include="src\Model\Model.cpp">
      <Filter>Source Files\Model</Filter>
    </ClCompile>
  </ItemGroup>
  <ItemGroup>
    <ClInclude Include="src\Shader\ShadersLoader.h">
      <Filter>Header Files\Shader</Filter>
    </ClInclude>
    <ClInclude Include="src\Utilities\stbImageLoader\stb_image.h">
      <Filter>Header Files\Utilities\stbImageLoader</Filter>
    </ClInclude>
    <ClInclude Include="src\Camera.h">
      <Filter>Header Files</Filter>
    </ClInclude>
    <ClInclude Include="src\Define.h">
      <Filter>Header Files</Filter>
    </ClInclude>
    <ClInclude Include="src\Model\Mesh.h">
      <Filter>Header Files\Model</Filter>
    </ClInclude>
    <ClInclude Include="src\Model\Model.h">
      <Filter>Header Files\Model</Filter>
    </ClInclude>
  </ItemGroup>
  <ItemGroup>
    <None Include="..\Data\Shaders\Normal.vs">
      <Filter>Data\Shaders</Filter>
    </None>
    <None Include="..\Data\Shaders\SlowlyFaded.fs">
      <Filter>Data\Shaders</Filter>
    </None>
    <None Include="..\Data\Shaders\Transform.vs">
      <Filter>Data\Shaders</Filter>
    </None>
    <None Include="..\Data\Shaders\2DTo3D.vs">
      <Filter>Data\Shaders</Filter>
    </None>
    <None Include="..\Data\Shaders\ApplyTexture.fs">
      <Filter>Data\Shaders</Filter>
    </None>
    <None Include="..\Data\Shaders\Lighting.fs">
      <Filter>Data\Shaders</Filter>
    </None>
    <None Include="..\Data\Shaders\LightingSource.fs">
      <Filter>Data\Shaders</Filter>
    </None>
    <None Include="..\Data\Shaders\NormalModel.fs">
      <Filter>Data\Shaders</Filter>
    </None>
    <None Include="..\Data\Shaders\Glyph.fs">
      <Filter>Data\Shaders</Filter>
    </None>
    <None Include="..\Data\Shaders\Glyph.vs">
      <Filter>Data\Shaders</Filter>
    </None>
    <None Include="..\Data\Shaders\DepthTest.fs">
      <Filter>Data\Shaders</Filter>
    </None>
    <None Include="..\Data\Shaders\SingleColor.fs">
      <Filter>Data\Shaders</Filter>
    </None>
    <None Include="..\Data\Shaders\TextureBuffer.vs">
      <Filter>Data\Shaders</Filter>
    </None>
    <None Include="..\Data\Shaders\ScreenBuffer.fs">
      <Filter>Data\Shaders</Filter>
    </None>
    <None Include="..\Data\Shaders\EdgeDetect.fs">
      <Filter>Data\Shaders</Filter>
    </None>
    <None Include="..\Data\Shaders\Skybox.vs">
      <Filter>Data\Shaders</Filter>
    </None>
    <None Include="..\Data\Shaders\Skybox.fs">
      <Filter>Data\Shaders</Filter>
    </None>
    <None Include="..\Data\Shaders\Reflect.fs">
      <Filter>Data\Shaders</Filter>
    </None>
    <None Include="..\Data\Shaders\Reflect.vs">
      <Filter>Data\Shaders</Filter>
    </None>
    <None Include="..\Data\Shaders\Refract.fs">
      <Filter>Data\Shaders</Filter>
    </None>
    <None Include="..\Data\Shaders\Explode.gs">
      <Filter>Data\Shaders</Filter>
    </None>
    <None Include="..\Data\Shaders\Model.vs">
      <Filter>Data\Shaders</Filter>
    </None>
    <None Include="..\Data\Shaders\NormVecVisualize.vs">
      <Filter>Data\Shaders</Filter>
    </None>
    <None Include="..\Data\Shaders\NormVecVisualize.gs">
      <Filter>Data\Shaders</Filter>
    </None>
    <None Include="..\Data\Shaders\NormVecVisualize.fs">
      <Filter>Data\Shaders</Filter>
    </None>
  </ItemGroup>
  <ItemGroup>
    <Image Include="..\Data\Textures\awesomeface.png">
      <Filter>Data\Textures</Filter>
    </Image>
    <Image Include="..\Data\Textures\container.jpg">
      <Filter>Data\Textures</Filter>
    </Image>
  </ItemGroup>
</Project>